
Microsoft Visual Studio Solution File, Format Version 12.00
# Visual Studio 14
VisualStudioVersion = 14.0.25420.1
MinimumVisualStudioVersion = 10.0.40219.1
Project("{FAE04EC0-301F-11D3-BF4B-00C04F79EFBC}") = "WinFormsAppFor157Recommend", "WinFormsAppFor157Recommend\WinFormsAppFor157Recommend.csproj", "{03CE5F2A-5152-484F-B49E-2EF60DADE4FD}"
EndProject
Project("{FAE04EC0-301F-11D3-BF4B-00C04F79EFBC}") = "BaiduNetworkSearch", "BaiduNetworkSearch\BaiduNetworkSearch.csproj", "{198BD02F-855D-4AB8-AEF5-754C9380D2EA}"
EndProject
Project("{FAE04EC0-301F-11D3-BF4B-00C04F79EFBC}") = "ZedGraph", "zedGraph\ZedGraph.csproj", "{2541686B-1673-43BF-AF89-3163945DB009}"
EndProject
Project("{FAE04EC0-301F-11D3-BF4B-00C04F79EFBC}") = "ZedGraph.Demo", "ZedGraphDemo\ZedGraph.Demo.csproj", "{C9FDF2E8-0776-4DA5-AEA9-ED847D85F9C7}"
EndProject
Project("{FAE04EC0-301F-11D3-BF4B-00C04F79EFBC}") = "ConcurrentProgrammingApplication", "ConcurrentProgrammingApplication\ConcurrentProgrammingApplication.csproj", "{B1319ED1-EC6A-4765-9AA0-682C351CEA68}"
EndProject
Project("{FAE04EC0-301F-11D3-BF4B-00C04F79EFBC}") = "WinFormCharpWebCam", "WinFormWebCamCapture\WinFormCharpWebCam.csproj", "{0D809987-4FFC-4B3E-BD2E-F391A1FF48C0}"
EndProject
Project("{FAE04EC0-301F-11D3-BF4B-00C04F79EFBC}") = "NeuralNetworkTestingV2", "NeuralNetworkTesting\NeuralNetworkTestingV2.csproj", "{DC202F12-30A7-4C24-9CAC-FE26C4198EF6}"
EndProject
Project("{FAE04EC0-301F-11D3-BF4B-00C04F79EFBC}") = "FTPWinFormApp", "FTPWinFormApp\FTPWinFormApp.csproj", "{04965966-D871-4F5F-AB29-22152AF2B034}"
EndProject
Project("{FAE04EC0-301F-11D3-BF4B-00C04F79EFBC}") = "XmingBarCodeApp", "XmingBarCodeApp\XmingBarCodeApp.csproj", "{6641560F-94EB-4C16-8352-BABD7EAFE2E3}"
EndProject
Project("{FAE04EC0-301F-11D3-BF4B-00C04F79EFBC}") = "SqlDependencyApp", "SqlDependencyApp\SqlDependencyApp.csproj", "{D75247AF-1BE3-48B7-8547-A3619CFAE16B}"
EndProject
Project("{FAE04EC0-301F-11D3-BF4B-00C04F79EFBC}") = "DotNettyApplication", "DotNettyApplication\DotNettyApplication.csproj", "{803217F5-FBDF-4259-886E-506249D7AFAC}"
EndProject
Global
	GlobalSection(SolutionConfigurationPlatforms) = preSolution
		Debug|Any CPU = Debug|Any CPU
		Release|Any CPU = Release|Any CPU
	EndGlobalSection
	GlobalSection(ProjectConfigurationPlatforms) = postSolution
		{03CE5F2A-5152-484F-B49E-2EF60DADE4FD}.Debug|Any CPU.ActiveCfg = Debug|Any CPU
		{03CE5F2A-5152-484F-B49E-2EF60DADE4FD}.Debug|Any CPU.Build.0 = Debug|Any CPU
		{03CE5F2A-5152-484F-B49E-2EF60DADE4FD}.Release|Any CPU.ActiveCfg = Release|Any CPU
		{03CE5F2A-5152-484F-B49E-2EF60DADE4FD}.Release|Any CPU.Build.0 = Release|Any CPU
		{198BD02F-855D-4AB8-AEF5-754C9380D2EA}.Debug|Any CPU.ActiveCfg = Debug|Any CPU
		{198BD02F-855D-4AB8-AEF5-754C9380D2EA}.Debug|Any CPU.Build.0 = Debug|Any CPU
		{198BD02F-855D-4AB8-AEF5-754C9380D2EA}.Release|Any CPU.ActiveCfg = Release|Any CPU
		{198BD02F-855D-4AB8-AEF5-754C9380D2EA}.Release|Any CPU.Build.0 = Release|Any CPU
		{2541686B-1673-43BF-AF89-3163945DB009}.Debug|Any CPU.ActiveCfg = Debug|Any CPU
		{2541686B-1673-43BF-AF89-3163945DB009}.Debug|Any CPU.Build.0 = Debug|Any CPU
		{2541686B-1673-43BF-AF89-3163945DB009}.Release|Any CPU.ActiveCfg = Release|Any CPU
		{2541686B-1673-43BF-AF89-3163945DB009}.Release|Any CPU.Build.0 = Release|Any CPU
		{C9FDF2E8-0776-4DA5-AEA9-ED847D85F9C7}.Debug|Any CPU.ActiveCfg = Debug|Any CPU
		{C9FDF2E8-0776-4DA5-AEA9-ED847D85F9C7}.Debug|Any CPU.Build.0 = Debug|Any CPU
		{C9FDF2E8-0776-4DA5-AEA9-ED847D85F9C7}.Release|Any CPU.ActiveCfg = Release|Any CPU
		{C9FDF2E8-0776-4DA5-AEA9-ED847D85F9C7}.Release|Any CPU.Build.0 = Release|Any CPU
		{B1319ED1-EC6A-4765-9AA0-682C351CEA68}.Debug|Any CPU.ActiveCfg = Debug|Any CPU
		{B1319ED1-EC6A-4765-9AA0-682C351CEA68}.Debug|Any CPU.Build.0 = Debug|Any CPU
		{B1319ED1-EC6A-4765-9AA0-682C351CEA68}.Release|Any CPU.ActiveCfg = Release|Any CPU
		{B1319ED1-EC6A-4765-9AA0-682C351CEA68}.Release|Any CPU.Build.0 = Release|Any CPU
		{0D809987-4FFC-4B3E-BD2E-F391A1FF48C0}.Debug|Any CPU.ActiveCfg = Debug|Any CPU
		{0D809987-4FFC-4B3E-BD2E-F391A1FF48C0}.Debug|Any CPU.Build.0 = Debug|Any CPU
		{0D809987-4FFC-4B3E-BD2E-F391A1FF48C0}.Release|Any CPU.ActiveCfg = Release|Any CPU
		{0D809987-4FFC-4B3E-BD2E-F391A1FF48C0}.Release|Any CPU.Build.0 = Release|Any CPU
		{DC202F12-30A7-4C24-9CAC-FE26C4198EF6}.Debug|Any CPU.ActiveCfg = Debug|Any CPU
		{DC202F12-30A7-4C24-9CAC-FE26C4198EF6}.Debug|Any CPU.Build.0 = Debug|Any CPU
		{DC202F12-30A7-4C24-9CAC-FE26C4198EF6}.Release|Any CPU.ActiveCfg = Release|Any CPU
		{DC202F12-30A7-4C24-9CAC-FE26C4198EF6}.Release|Any CPU.Build.0 = Release|Any CPU
		{04965966-D871-4F5F-AB29-22152AF2B034}.Debug|Any CPU.ActiveCfg = Debug|Any CPU
		{04965966-D871-4F5F-AB29-22152AF2B034}.Debug|Any CPU.Build.0 = Debug|Any CPU
		{04965966-D871-4F5F-AB29-22152AF2B034}.Release|Any CPU.ActiveCfg = Release|Any CPU
		{04965966-D871-4F5F-AB29-22152AF2B034}.Release|Any CPU.Build.0 = Release|Any CPU
		{6641560F-94EB-4C16-8352-BABD7EAFE2E3}.Debug|Any CPU.ActiveCfg = Debug|Any CPU
		{6641560F-94EB-4C16-8352-BABD7EAFE2E3}.Debug|Any CPU.Build.0 = Debug|Any CPU
		{6641560F-94EB-4C16-8352-BABD7EAFE2E3}.Release|Any CPU.ActiveCfg = Release|Any CPU
		{6641560F-94EB-4C16-8352-BABD7EAFE2E3}.Release|Any CPU.Build.0 = Release|Any CPU
		{D75247AF-1BE3-48B7-8547-A3619CFAE16B}.Debug|Any CPU.ActiveCfg = Debug|Any CPU
		{D75247AF-1BE3-48B7-8547-A3619CFAE16B}.Debug|Any CPU.Build.0 = Debug|Any CPU
		{D75247AF-1BE3-48B7-8547-A3619CFAE16B}.Release|Any CPU.ActiveCfg = Release|Any CPU
		{D75247AF-1BE3-48B7-8547-A3619CFAE16B}.Release|Any CPU.Build.0 = Release|Any CPU
		{803217F5-FBDF-4259-886E-506249D7AFAC}.Debug|Any CPU.ActiveCfg = Debug|Any CPU
		{803217F5-FBDF-4259-886E-506249D7AFAC}.Debug|Any CPU.Build.0 = Debug|Any CPU
		{803217F5-FBDF-4259-886E-506249D7AFAC}.Release|Any CPU.ActiveCfg = Release|Any CPU
		{803217F5-FBDF-4259-886E-506249D7AFAC}.Release|Any CPU.Build.0 = Release|Any CPU
	EndGlobalSection
	GlobalSection(SolutionProperties) = preSolution
		HideSolutionNode = FALSE
	EndGlobalSection
	GlobalSection(ExtensibilityGlobals) = postSolution
		SolutionGuid = {4482EE4B-AAE7-4B49-8593-979A7473D028}
	EndGlobalSection
EndGlobal
